{
  "meteor": {},
  "dependencies": {
    "basePackages": {
      "velocity": {
        "path": "../src"
      },
      "mocha-web": {
        "git": "https://github.com/xdissent/meteor-mocha-web",
        "branch": "feature/mirror"
      },
      "velocity-jasmine-unit": {
        "git": "https://github.com/xdissent/velocity-jasmine-unit",
        "branch": "feature/mirror"
      },
      "moment": {}
    },
    "packages": {
      "velocity": {
        "path": "../src"
      },
      "mocha-web": {
        "git": "https://github.com/xdissent/meteor-mocha-web",
        "branch": "feature/mirror",
        "commit": "6d0aeef445697bda666eab7c416ee90fc5c97041"
      },
      "velocity-jasmine-unit": {
        "git": "https://github.com/xdissent/velocity-jasmine-unit",
        "branch": "feature/mirror",
        "commit": "be63c6867f6c481674382e22a09a949cc2d35f88"
      },
      "moment": {
        "git": "https://github.com/acreeger/meteor-moment.git",
        "tag": "v2.6.0",
        "commit": "26156df681750fd6e6ed77043eef32b6653ebbdf"
      },
      "mirror": {
        "git": "https://github.com/xdissent/meteor-mirror.git",
        "tag": "v0.0.2",
        "commit": "03d965dcab2f976a1fdc6ce513edcd4c17b75746"
      }
    }
  }
}
